
Microsoft Visual Studio Solution File, Format Version 12.00
# Visual Studio 15
VisualStudioVersion = 15.0.26730.10
MinimumVisualStudioVersion = 10.0.40219.1
Project("{FAE04EC0-301F-11D3-BF4B-00C04F79EFBC}") = "PushNotificationTest", "PushNotificationTest\PushNotificationTest.csproj", "{AD371A29-22A2-4CEF-8ED9-1C3C6379B388}"
EndProject
Global
	GlobalSection(SolutionConfigurationPlatforms) = preSolution
		Debug|Any CPU = Debug|Any CPU
		Release|Any CPU = Release|Any CPU
	EndGlobalSection
	GlobalSection(ProjectConfigurationPlatforms) = postSolution
		{AD371A29-22A2-4CEF-8ED9-1C3C6379B388}.Debug|Any CPU.ActiveCfg = Debug|Any CPU
		{AD371A29-22A2-4CEF-8ED9-1C3C6379B388}.Debug|Any CPU.Build.0 = Debug|Any CPU
		{AD371A29-22A2-4CEF-8ED9-1C3C6379B388}.Release|Any CPU.ActiveCfg = Release|Any CPU
		{AD371A29-22A2-4CEF-8ED9-1C3C6379B388}.Release|Any CPU.Build.0 = Release|Any CPU
	EndGlobalSection
	GlobalSection(SolutionProperties) = preSolution
		HideSolutionNode = FALSE
	EndGlobalSection
	GlobalSection(ExtensibilityGlobals) = postSolution
		SolutionGuid = {65CC41E0-D440-47D3-BAB4-E0DF8BED1AB6}
	EndGlobalSection
EndGlobal
